{
    "version": 3,
    "terraform_version": "0.12.29",
    "serial": 1,
    "lineage": "85cf4d9a-1d21-ef63-6410-00494ae8eff7",
    "modules": [
        {
            "path": [
                "root"
            ],
            "outputs": {
                "aws_security_group_tfer--Debian-0020-GNU-002D-Linux-0020-9-0020--002D-Stretch-002D--002D-Debian-0020-GNU-002D-Linux-0020-9-002D-6-0020--002D-Stretch-002D--002D-AutogenByAWSMP-002D-_sg-002D-046e9541075863d46_id": {
                    "sensitive": false,
                    "type": "string",
                    "value": "sg-046e9541075863d46"
                },
                "aws_security_group_tfer--default_sg-002D-1a46fa72_id": {
                    "sensitive": false,
                    "type": "string",
                    "value": "sg-1a46fa72"
                },
                "aws_security_group_ec2-vms-sg-1": {
                    "sensitive": false,
                    "type": "string",
                    "value": "sg-0d802d7deebd48786"
                }
            },
            "resources": {
                "aws_security_group.tfer--Debian-0020-GNU-002D-Linux-0020-9-0020--002D-Stretch-002D--002D-Debian-0020-GNU-002D-Linux-0020-9-002D-6-0020--002D-Stretch-002D--002D-AutogenByAWSMP-002D-_sg-002D-046e9541075863d46": {
                    "type": "aws_security_group",
                    "depends_on": [],
                    "primary": {
                        "id": "sg-046e9541075863d46",
                        "attributes": {
                            "arn": "arn:aws:ec2:eu-central-1:379937780633:security-group/sg-046e9541075863d46",
                            "description": "This security group was generated by AWS Marketplace and is based on recommended settings for Debian GNU/Linux 9 (Stretch) version Debian GNU/Linux 9.6 (Stretch) provided by Debian",
                            "egress.#": "1",
                            "egress.0.cidr_blocks.#": "1",
                            "egress.0.cidr_blocks.0": "0.0.0.0/0",
                            "egress.0.description": "",
                            "egress.0.from_port": "0",
                            "egress.0.ipv6_cidr_blocks.#": "0",
                            "egress.0.prefix_list_ids.#": "0",
                            "egress.0.protocol": "-1",
                            "egress.0.security_groups.#": "0",
                            "egress.0.self": "false",
                            "egress.0.to_port": "0",
                            "id": "sg-046e9541075863d46",
                            "ingress.#": "2",
                            "ingress.0.cidr_blocks.#": "1",
                            "ingress.0.cidr_blocks.0": "0.0.0.0/0",
                            "ingress.0.description": "",
                            "ingress.0.from_port": "22",
                            "ingress.0.ipv6_cidr_blocks.#": "0",
                            "ingress.0.prefix_list_ids.#": "0",
                            "ingress.0.protocol": "tcp",
                            "ingress.0.security_groups.#": "0",
                            "ingress.0.self": "false",
                            "ingress.0.to_port": "22",
                            "ingress.1.cidr_blocks.#": "1",
                            "ingress.1.cidr_blocks.0": "0.0.0.0/0",
                            "ingress.1.description": "",
                            "ingress.1.from_port": "30303",
                            "ingress.1.ipv6_cidr_blocks.#": "0",
                            "ingress.1.prefix_list_ids.#": "0",
                            "ingress.1.protocol": "tcp",
                            "ingress.1.security_groups.#": "0",
                            "ingress.1.self": "false",
                            "ingress.1.to_port": "30303",
                            "name": "Debian GNU-Linux 9 -Stretch--Debian GNU-Linux 9-6 -Stretch--AutogenByAWSMP-",
                            "name_prefix": "",
                            "owner_id": "379937780633",
                            "tags.%": "0",
                            "tags_all.%": "0",
                            "vpc_id": "vpc-8afcfce3"
                        },
                        "meta": {
                            "schema_version": 1
                        },
                        "tainted": false
                    },
                    "deposed": [],
                    "provider": "provider.aws"
                },
                "aws_security_group.tfer--default_sg-002D-1a46fa72": {
                    "type": "aws_security_group",
                    "depends_on": [],
                    "primary": {
                        "id": "sg-1a46fa72",
                        "attributes": {
                            "arn": "arn:aws:ec2:eu-central-1:379937780633:security-group/sg-1a46fa72",
                            "description": "default VPC security group",
                            "egress.#": "1",
                            "egress.0.cidr_blocks.#": "1",
                            "egress.0.cidr_blocks.0": "0.0.0.0/0",
                            "egress.0.description": "",
                            "egress.0.from_port": "0",
                            "egress.0.ipv6_cidr_blocks.#": "0",
                            "egress.0.prefix_list_ids.#": "0",
                            "egress.0.protocol": "-1",
                            "egress.0.security_groups.#": "0",
                            "egress.0.self": "false",
                            "egress.0.to_port": "0",
                            "id": "sg-1a46fa72",
                            "ingress.#": "1",
                            "ingress.0.cidr_blocks.#": "0",
                            "ingress.0.description": "",
                            "ingress.0.from_port": "0",
                            "ingress.0.ipv6_cidr_blocks.#": "0",
                            "ingress.0.prefix_list_ids.#": "0",
                            "ingress.0.protocol": "-1",
                            "ingress.0.security_groups.#": "0",
                            "ingress.0.self": "true",
                            "ingress.0.to_port": "0",
                            "name": "default",
                            "name_prefix": "",
                            "owner_id": "379937780633",
                            "tags.%": "0",
                            "tags_all.%": "0",
                            "vpc_id": "vpc-8afcfce3"
                        },
                        "meta": {
                            "schema_version": 1
                        },
                        "tainted": false
                    },
                    "deposed": [],
                    "provider": "provider.aws"
                },
                "aws_security_group.ec2-vms-sg-1": {
                    "type": "aws_security_group",
                    "depends_on": [],
                    "primary": {
                        "id": "sg-0d802d7deebd48786",
                        "attributes": {
                            "arn": "arn:aws:ec2:eu-central-1:379937780633:security-group/sg-0d802d7deebd48786",
                            "description": "launch-wizard-1 created 2021-08-24T07:57:14.118+01:00",
                            "egress.#": "1",
                            "egress.0.cidr_blocks.#": "1",
                            "egress.0.cidr_blocks.0": "0.0.0.0/0",
                            "egress.0.description": "",
                            "egress.0.from_port": "0",
                            "egress.0.ipv6_cidr_blocks.#": "0",
                            "egress.0.prefix_list_ids.#": "0",
                            "egress.0.protocol": "-1",
                            "egress.0.security_groups.#": "0",
                            "egress.0.self": "false",
                            "egress.0.to_port": "0",
                            "id": "sg-0d802d7deebd48786",
                            "ingress.#": "2",
                            "ingress.0.cidr_blocks.#": "1",
                            "ingress.0.cidr_blocks.0": "0.0.0.0/0",
                            "ingress.0.description": "",
                            "ingress.0.from_port": "22",
                            "ingress.0.ipv6_cidr_blocks.#": "0",
                            "ingress.0.prefix_list_ids.#": "0",
                            "ingress.0.protocol": "tcp",
                            "ingress.0.security_groups.#": "0",
                            "ingress.0.self": "false",
                            "ingress.0.to_port": "22",
                            "ingress.1.cidr_blocks.#": "1",
                            "ingress.1.cidr_blocks.0": "0.0.0.0/0",
                            "ingress.1.description": "",
                            "ingress.1.from_port": "6060",
                            "ingress.1.ipv6_cidr_blocks.#": "0",
                            "ingress.1.prefix_list_ids.#": "0",
                            "ingress.1.protocol": "tcp",
                            "ingress.1.security_groups.#": "0",
                            "ingress.1.self": "false",
                            "ingress.1.to_port": "6060",
                            "name": "launch-wizard-1",
                            "name_prefix": "",
                            "owner_id": "379937780633",
                            "tags.%": "0",
                            "tags_all.%": "0",
                            "vpc_id": "vpc-8afcfce3"
                        },
                        "meta": {
                            "schema_version": 1
                        },
                        "tainted": false
                    },
                    "deposed": [],
                    "provider": "provider.aws"
                }
            },
            "depends_on": []
        }
    ]
}
